// !$*UTF8*$!
{
	archiveVersion = 1;
	classes = {
	};
	objectVersion = 56;
	objects = {

/* Begin PBXBuildFile section */
		F01AEDC528E3166900D4C730 /* AppDelegate.swift in Sources */ = {isa = PBXBuildFile; fileRef = F01AEDC428E3166900D4C730 /* AppDelegate.swift */; };
		F01AEDC728E3166900D4C730 /* SceneDelegate.swift in Sources */ = {isa = PBXBuildFile; fileRef = F01AEDC628E3166900D4C730 /* SceneDelegate.swift */; };
		F01AEDC928E3166900D4C730 /* HomeVC.swift in Sources */ = {isa = PBXBuildFile; fileRef = F01AEDC828E3166900D4C730 /* HomeVC.swift */; };
		F01AEDCC28E3166900D4C730 /* Main.storyboard in Resources */ = {isa = PBXBuildFile; fileRef = F01AEDCA28E3166900D4C730 /* Main.storyboard */; };
		F01AEDCE28E3166A00D4C730 /* Assets.xcassets in Resources */ = {isa = PBXBuildFile; fileRef = F01AEDCD28E3166A00D4C730 /* Assets.xcassets */; };
		F01AEDD128E3166A00D4C730 /* LaunchScreen.storyboard in Resources */ = {isa = PBXBuildFile; fileRef = F01AEDCF28E3166A00D4C730 /* LaunchScreen.storyboard */; };
		F01AEDDA28E3454700D4C730 /* topPickArtickesCell.swift in Sources */ = {isa = PBXBuildFile; fileRef = F01AEDD828E3454700D4C730 /* topPickArtickesCell.swift */; };
		F01AEDDB28E3454700D4C730 /* topPickArtickesCell.xib in Resources */ = {isa = PBXBuildFile; fileRef = F01AEDD928E3454700D4C730 /* topPickArtickesCell.xib */; };
		F0590F3928E435BD003BF6D3 /* SearchVC.swift in Sources */ = {isa = PBXBuildFile; fileRef = F0590F3828E435BD003BF6D3 /* SearchVC.swift */; };
		F0590F3B28E435E4003BF6D3 /* BookmarksVC.swift in Sources */ = {isa = PBXBuildFile; fileRef = F0590F3A28E435E4003BF6D3 /* BookmarksVC.swift */; };
		F0590F5E28E4615E003BF6D3 /* SearchTableViewCell.swift in Sources */ = {isa = PBXBuildFile; fileRef = F0590F5C28E4615E003BF6D3 /* SearchTableViewCell.swift */; };
		F0590F5F28E4615E003BF6D3 /* SearchTableViewCell.xib in Resources */ = {isa = PBXBuildFile; fileRef = F0590F5D28E4615E003BF6D3 /* SearchTableViewCell.xib */; };
		F094E7B128E5E0490082CDCC /* ListTableViewCell.swift in Sources */ = {isa = PBXBuildFile; fileRef = F094E7AF28E5E0490082CDCC /* ListTableViewCell.swift */; };
		F094E7B228E5E0490082CDCC /* ListTableViewCell.xib in Resources */ = {isa = PBXBuildFile; fileRef = F094E7B028E5E0490082CDCC /* ListTableViewCell.xib */; };
		F094E7B528E5E4E80082CDCC /* homeEntity.swift in Sources */ = {isa = PBXBuildFile; fileRef = F094E7B428E5E4E80082CDCC /* homeEntity.swift */; };
		F096D3D828EB6996003CAC57 /* FlightEntity.swift in Sources */ = {isa = PBXBuildFile; fileRef = F096D3D728EB6996003CAC57 /* FlightEntity.swift */; };
		F096D3DB28EB6AE7003CAC57 /* Alamofire in Frameworks */ = {isa = PBXBuildFile; productRef = F096D3DA28EB6AE7003CAC57 /* Alamofire */; };
		F098926A28E5AB3D003D7C16 /* homeVM.swift in Sources */ = {isa = PBXBuildFile; fileRef = F098926928E5AB3D003D7C16 /* homeVM.swift */; };
		F098926C28E5AB63003D7C16 /* homeModel.swift in Sources */ = {isa = PBXBuildFile; fileRef = F098926B28E5AB63003D7C16 /* homeModel.swift */; };
		F098927228E5AB9C003D7C16 /* SearchVM.swift in Sources */ = {isa = PBXBuildFile; fileRef = F098927128E5AB9C003D7C16 /* SearchVM.swift */; };
		F098927428E5ABA6003D7C16 /* SearchModel.swift in Sources */ = {isa = PBXBuildFile; fileRef = F098927328E5ABA6003D7C16 /* SearchModel.swift */; };
		F098927B28E5ABE0003D7C16 /* bookmarksTableViewCell.swift in Sources */ = {isa = PBXBuildFile; fileRef = F098927928E5ABE0003D7C16 /* bookmarksTableViewCell.swift */; };
		F098927C28E5ABE0003D7C16 /* bookmarksTableViewCell.xib in Resources */ = {isa = PBXBuildFile; fileRef = F098927A28E5ABE0003D7C16 /* bookmarksTableViewCell.xib */; };
		F098927E28E5AC09003D7C16 /* BookmarksVM.swift in Sources */ = {isa = PBXBuildFile; fileRef = F098927D28E5AC09003D7C16 /* BookmarksVM.swift */; };
		F098928028E5AC13003D7C16 /* BookmarksModel.swift in Sources */ = {isa = PBXBuildFile; fileRef = F098927F28E5AC13003D7C16 /* BookmarksModel.swift */; };
		F098928B28E5BD59003D7C16 /* DetailVC.swift in Sources */ = {isa = PBXBuildFile; fileRef = F098928A28E5BD59003D7C16 /* DetailVC.swift */; };
		F098928D28E5BD6D003D7C16 /* DetailVM.swift in Sources */ = {isa = PBXBuildFile; fileRef = F098928C28E5BD6D003D7C16 /* DetailVM.swift */; };
		F098928F28E5BD77003D7C16 /* DetailModel.swift in Sources */ = {isa = PBXBuildFile; fileRef = F098928E28E5BD77003D7C16 /* DetailModel.swift */; };
		F098929228E5BD84003D7C16 /* DetailEntity.swift in Sources */ = {isa = PBXBuildFile; fileRef = F098929128E5BD84003D7C16 /* DetailEntity.swift */; };
		F098929428E5BD96003D7C16 /* HotelEntity.swift in Sources */ = {isa = PBXBuildFile; fileRef = F098929328E5BD96003D7C16 /* HotelEntity.swift */; };
		F098929628E5BDA0003D7C16 /* ListModel.swift in Sources */ = {isa = PBXBuildFile; fileRef = F098929528E5BDA0003D7C16 /* ListModel.swift */; };
		F098929828E5BDA8003D7C16 /* ListVM.swift in Sources */ = {isa = PBXBuildFile; fileRef = F098929728E5BDA8003D7C16 /* ListVM.swift */; };
		F098929A28E5BDB3003D7C16 /* ListVC.swift in Sources */ = {isa = PBXBuildFile; fileRef = F098929928E5BDB3003D7C16 /* ListVC.swift */; };
		F0FB3C9F28E8ABF000130912 /* ArticlesData.json in Resources */ = {isa = PBXBuildFile; fileRef = F0FB3C9E28E8ABF000130912 /* ArticlesData.json */; };
		F0FB3CA428E95DB200130912 /* Kingfisher in Frameworks */ = {isa = PBXBuildFile; productRef = F0FB3CA328E95DB200130912 /* Kingfisher */; };
/* End PBXBuildFile section */

/* Begin PBXFileReference section */
		F01AEDC128E3166900D4C730 /* Travel App.app */ = {isa = PBXFileReference; explicitFileType = wrapper.application; includeInIndex = 0; path = "Travel App.app"; sourceTree = BUILT_PRODUCTS_DIR; };
		F01AEDC428E3166900D4C730 /* AppDelegate.swift */ = {isa = PBXFileReference; lastKnownFileType = sourcecode.swift; path = AppDelegate.swift; sourceTree = "<group>"; };
		F01AEDC628E3166900D4C730 /* SceneDelegate.swift */ = {isa = PBXFileReference; lastKnownFileType = sourcecode.swift; path = SceneDelegate.swift; sourceTree = "<group>"; };
		F01AEDC828E3166900D4C730 /* HomeVC.swift */ = {isa = PBXFileReference; lastKnownFileType = sourcecode.swift; path = HomeVC.swift; sourceTree = "<group>"; };
		F01AEDCB28E3166900D4C730 /* Base */ = {isa = PBXFileReference; lastKnownFileType = file.storyboard; name = Base; path = Base.lproj/Main.storyboard; sourceTree = "<group>"; };
		F01AEDCD28E3166A00D4C730 /* Assets.xcassets */ = {isa = PBXFileReference; lastKnownFileType = folder.assetcatalog; path = Assets.xcassets; sourceTree = "<group>"; };
		F01AEDD028E3166A00D4C730 /* Base */ = {isa = PBXFileReference; lastKnownFileType = file.storyboard; name = Base; path = Base.lproj/LaunchScreen.storyboard; sourceTree = "<group>"; };
		F01AEDD228E3166A00D4C730 /* Info.plist */ = {isa = PBXFileReference; lastKnownFileType = text.plist.xml; path = Info.plist; sourceTree = "<group>"; };
		F01AEDD828E3454700D4C730 /* topPickArtickesCell.swift */ = {isa = PBXFileReference; lastKnownFileType = sourcecode.swift; path = topPickArtickesCell.swift; sourceTree = "<group>"; };
		F01AEDD928E3454700D4C730 /* topPickArtickesCell.xib */ = {isa = PBXFileReference; lastKnownFileType = file.xib; path = topPickArtickesCell.xib; sourceTree = "<group>"; };
		F0590F3828E435BD003BF6D3 /* SearchVC.swift */ = {isa = PBXFileReference; lastKnownFileType = sourcecode.swift; path = SearchVC.swift; sourceTree = "<group>"; };
		F0590F3A28E435E4003BF6D3 /* BookmarksVC.swift */ = {isa = PBXFileReference; lastKnownFileType = sourcecode.swift; path = BookmarksVC.swift; sourceTree = "<group>"; };
		F0590F5C28E4615E003BF6D3 /* SearchTableViewCell.swift */ = {isa = PBXFileReference; lastKnownFileType = sourcecode.swift; path = SearchTableViewCell.swift; sourceTree = "<group>"; };
		F0590F5D28E4615E003BF6D3 /* SearchTableViewCell.xib */ = {isa = PBXFileReference; lastKnownFileType = file.xib; path = SearchTableViewCell.xib; sourceTree = "<group>"; };
		F094E7AF28E5E0490082CDCC /* ListTableViewCell.swift */ = {isa = PBXFileReference; lastKnownFileType = sourcecode.swift; path = ListTableViewCell.swift; sourceTree = "<group>"; };
		F094E7B028E5E0490082CDCC /* ListTableViewCell.xib */ = {isa = PBXFileReference; lastKnownFileType = file.xib; path = ListTableViewCell.xib; sourceTree = "<group>"; };
		F094E7B428E5E4E80082CDCC /* homeEntity.swift */ = {isa = PBXFileReference; lastKnownFileType = sourcecode.swift; path = homeEntity.swift; sourceTree = "<group>"; };
		F096D3D728EB6996003CAC57 /* FlightEntity.swift */ = {isa = PBXFileReference; lastKnownFileType = sourcecode.swift; path = FlightEntity.swift; sourceTree = "<group>"; };
		F098926928E5AB3D003D7C16 /* homeVM.swift */ = {isa = PBXFileReference; lastKnownFileType = sourcecode.swift; path = homeVM.swift; sourceTree = "<group>"; };
		F098926B28E5AB63003D7C16 /* homeModel.swift */ = {isa = PBXFileReference; lastKnownFileType = sourcecode.swift; path = homeModel.swift; sourceTree = "<group>"; };
		F098927128E5AB9C003D7C16 /* SearchVM.swift */ = {isa = PBXFileReference; lastKnownFileType = sourcecode.swift; path = SearchVM.swift; sourceTree = "<group>"; };
		F098927328E5ABA6003D7C16 /* SearchModel.swift */ = {isa = PBXFileReference; lastKnownFileType = sourcecode.swift; path = SearchModel.swift; sourceTree = "<group>"; };
		F098927928E5ABE0003D7C16 /* bookmarksTableViewCell.swift */ = {isa = PBXFileReference; lastKnownFileType = sourcecode.swift; path = bookmarksTableViewCell.swift; sourceTree = "<group>"; };
		F098927A28E5ABE0003D7C16 /* bookmarksTableViewCell.xib */ = {isa = PBXFileReference; lastKnownFileType = file.xib; path = bookmarksTableViewCell.xib; sourceTree = "<group>"; };
		F098927D28E5AC09003D7C16 /* BookmarksVM.swift */ = {isa = PBXFileReference; lastKnownFileType = sourcecode.swift; path = BookmarksVM.swift; sourceTree = "<group>"; };
		F098927F28E5AC13003D7C16 /* BookmarksModel.swift */ = {isa = PBXFileReference; lastKnownFileType = sourcecode.swift; path = BookmarksModel.swift; sourceTree = "<group>"; };
		F098928A28E5BD59003D7C16 /* DetailVC.swift */ = {isa = PBXFileReference; lastKnownFileType = sourcecode.swift; path = DetailVC.swift; sourceTree = "<group>"; };
		F098928C28E5BD6D003D7C16 /* DetailVM.swift */ = {isa = PBXFileReference; lastKnownFileType = sourcecode.swift; path = DetailVM.swift; sourceTree = "<group>"; };
		F098928E28E5BD77003D7C16 /* DetailModel.swift */ = {isa = PBXFileReference; lastKnownFileType = sourcecode.swift; path = DetailModel.swift; sourceTree = "<group>"; };
		F098929128E5BD84003D7C16 /* DetailEntity.swift */ = {isa = PBXFileReference; lastKnownFileType = sourcecode.swift; path = DetailEntity.swift; sourceTree = "<group>"; };
		F098929328E5BD96003D7C16 /* HotelEntity.swift */ = {isa = PBXFileReference; lastKnownFileType = sourcecode.swift; path = HotelEntity.swift; sourceTree = "<group>"; };
		F098929528E5BDA0003D7C16 /* ListModel.swift */ = {isa = PBXFileReference; lastKnownFileType = sourcecode.swift; path = ListModel.swift; sourceTree = "<group>"; };
		F098929728E5BDA8003D7C16 /* ListVM.swift */ = {isa = PBXFileReference; lastKnownFileType = sourcecode.swift; path = ListVM.swift; sourceTree = "<group>"; };
		F098929928E5BDB3003D7C16 /* ListVC.swift */ = {isa = PBXFileReference; lastKnownFileType = sourcecode.swift; path = ListVC.swift; sourceTree = "<group>"; };
		F0FB3C9E28E8ABF000130912 /* ArticlesData.json */ = {isa = PBXFileReference; fileEncoding = 4; lastKnownFileType = text.json; path = ArticlesData.json; sourceTree = "<group>"; };
/* End PBXFileReference section */

/* Begin PBXFrameworksBuildPhase section */
		F01AEDBE28E3166900D4C730 /* Frameworks */ = {
			isa = PBXFrameworksBuildPhase;
			buildActionMask = 2147483647;
			files = (
				F0FB3CA428E95DB200130912 /* Kingfisher in Frameworks */,
				F096D3DB28EB6AE7003CAC57 /* Alamofire in Frameworks */,
			);
			runOnlyForDeploymentPostprocessing = 0;
		};
/* End PBXFrameworksBuildPhase section */

/* Begin PBXGroup section */
		F01AEDB828E3166900D4C730 = {
			isa = PBXGroup;
			children = (
				F01AEDC328E3166900D4C730 /* Travel App */,
				F01AEDC228E3166900D4C730 /* Products */,
			);
			sourceTree = "<group>";
		};
		F01AEDC228E3166900D4C730 /* Products */ = {
			isa = PBXGroup;
			children = (
				F01AEDC128E3166900D4C730 /* Travel App.app */,
			);
			name = Products;
			sourceTree = "<group>";
		};
		F01AEDC328E3166900D4C730 /* Travel App */ = {
			isa = PBXGroup;
			children = (
				F0FB3C9D28E89FC700130912 /* Supports */,
				F098928628E5BD32003D7C16 /* Detail */,
				F098928128E5B902003D7C16 /* List */,
				F098927528E5ABAF003D7C16 /* Bookmarks */,
				F098926D28E5AB6B003D7C16 /* Search */,
				F098926428E5AAFA003D7C16 /* Home */,
				F01AEDCA28E3166900D4C730 /* Main.storyboard */,
				F01AEDCF28E3166A00D4C730 /* LaunchScreen.storyboard */,
				F01AEDD228E3166A00D4C730 /* Info.plist */,
			);
			path = "Travel App";
			sourceTree = "<group>";
		};
		F094E7B328E5E4DE0082CDCC /* Entity */ = {
			isa = PBXGroup;
			children = (
				F0FB3C9E28E8ABF000130912 /* ArticlesData.json */,
				F094E7B428E5E4E80082CDCC /* homeEntity.swift */,
			);
			path = Entity;
			sourceTree = "<group>";
		};
		F098926428E5AAFA003D7C16 /* Home */ = {
			isa = PBXGroup;
			children = (
				F094E7B328E5E4DE0082CDCC /* Entity */,
				F098926728E5AB0D003D7C16 /* Model */,
				F098926628E5AB07003D7C16 /* ViewModel */,
				F098926528E5AB03003D7C16 /* View */,
			);
			path = Home;
			sourceTree = "<group>";
		};
		F098926528E5AB03003D7C16 /* View */ = {
			isa = PBXGroup;
			children = (
				F01AEDD928E3454700D4C730 /* topPickArtickesCell.xib */,
				F01AEDD828E3454700D4C730 /* topPickArtickesCell.swift */,
				F01AEDC828E3166900D4C730 /* HomeVC.swift */,
			);
			path = View;
			sourceTree = "<group>";
		};
		F098926628E5AB07003D7C16 /* ViewModel */ = {
			isa = PBXGroup;
			children = (
				F098926928E5AB3D003D7C16 /* homeVM.swift */,
			);
			path = ViewModel;
			sourceTree = "<group>";
		};
		F098926728E5AB0D003D7C16 /* Model */ = {
			isa = PBXGroup;
			children = (
				F098926B28E5AB63003D7C16 /* homeModel.swift */,
			);
			path = Model;
			sourceTree = "<group>";
		};
		F098926D28E5AB6B003D7C16 /* Search */ = {
			isa = PBXGroup;
			children = (
				F098927028E5AB80003D7C16 /* Model */,
				F098926F28E5AB7C003D7C16 /* ViewModel */,
				F098926E28E5AB77003D7C16 /* View */,
			);
			path = Search;
			sourceTree = "<group>";
		};
		F098926E28E5AB77003D7C16 /* View */ = {
			isa = PBXGroup;
			children = (
				F0590F5D28E4615E003BF6D3 /* SearchTableViewCell.xib */,
				F0590F5C28E4615E003BF6D3 /* SearchTableViewCell.swift */,
				F0590F3828E435BD003BF6D3 /* SearchVC.swift */,
			);
			path = View;
			sourceTree = "<group>";
		};
		F098926F28E5AB7C003D7C16 /* ViewModel */ = {
			isa = PBXGroup;
			children = (
				F098927128E5AB9C003D7C16 /* SearchVM.swift */,
			);
			path = ViewModel;
			sourceTree = "<group>";
		};
		F098927028E5AB80003D7C16 /* Model */ = {
			isa = PBXGroup;
			children = (
				F098927328E5ABA6003D7C16 /* SearchModel.swift */,
			);
			path = Model;
			sourceTree = "<group>";
		};
		F098927528E5ABAF003D7C16 /* Bookmarks */ = {
			isa = PBXGroup;
			children = (
				F098927828E5ABC4003D7C16 /* Model */,
				F098927728E5ABC0003D7C16 /* ViewModel */,
				F098927628E5ABBB003D7C16 /* View */,
			);
			path = Bookmarks;
			sourceTree = "<group>";
		};
		F098927628E5ABBB003D7C16 /* View */ = {
			isa = PBXGroup;
			children = (
				F0590F3A28E435E4003BF6D3 /* BookmarksVC.swift */,
				F098927928E5ABE0003D7C16 /* bookmarksTableViewCell.swift */,
				F098927A28E5ABE0003D7C16 /* bookmarksTableViewCell.xib */,
			);
			path = View;
			sourceTree = "<group>";
		};
		F098927728E5ABC0003D7C16 /* ViewModel */ = {
			isa = PBXGroup;
			children = (
				F098927D28E5AC09003D7C16 /* BookmarksVM.swift */,
			);
			path = ViewModel;
			sourceTree = "<group>";
		};
		F098927828E5ABC4003D7C16 /* Model */ = {
			isa = PBXGroup;
			children = (
				F098927F28E5AC13003D7C16 /* BookmarksModel.swift */,
			);
			path = Model;
			sourceTree = "<group>";
		};
		F098928128E5B902003D7C16 /* List */ = {
			isa = PBXGroup;
			children = (
				F098928528E5B922003D7C16 /* Entity */,
				F098928428E5B91F003D7C16 /* Model */,
				F098928328E5B918003D7C16 /* ViewModel */,
				F098928228E5B914003D7C16 /* View */,
			);
			path = List;
			sourceTree = "<group>";
		};
		F098928228E5B914003D7C16 /* View */ = {
			isa = PBXGroup;
			children = (
				F098929928E5BDB3003D7C16 /* ListVC.swift */,
				F094E7AF28E5E0490082CDCC /* ListTableViewCell.swift */,
				F094E7B028E5E0490082CDCC /* ListTableViewCell.xib */,
			);
			path = View;
			sourceTree = "<group>";
		};
		F098928328E5B918003D7C16 /* ViewModel */ = {
			isa = PBXGroup;
			children = (
				F098929728E5BDA8003D7C16 /* ListVM.swift */,
			);
			path = ViewModel;
			sourceTree = "<group>";
		};
		F098928428E5B91F003D7C16 /* Model */ = {
			isa = PBXGroup;
			children = (
				F098929528E5BDA0003D7C16 /* ListModel.swift */,
			);
			path = Model;
			sourceTree = "<group>";
		};
		F098928528E5B922003D7C16 /* Entity */ = {
			isa = PBXGroup;
			children = (
				F098929328E5BD96003D7C16 /* HotelEntity.swift */,
				F096D3D728EB6996003CAC57 /* FlightEntity.swift */,
			);
			path = Entity;
			sourceTree = "<group>";
		};
		F098928628E5BD32003D7C16 /* Detail */ = {
			isa = PBXGroup;
			children = (
				F098929028E5BD7A003D7C16 /* Entity */,
				F098928928E5BD41003D7C16 /* Model */,
				F098928828E5BD3A003D7C16 /* ViewModel */,
				F098928728E5BD37003D7C16 /* View */,
			);
			path = Detail;
			sourceTree = "<group>";
		};
		F098928728E5BD37003D7C16 /* View */ = {
			isa = PBXGroup;
			children = (
				F098928A28E5BD59003D7C16 /* DetailVC.swift */,
			);
			path = View;
			sourceTree = "<group>";
		};
		F098928828E5BD3A003D7C16 /* ViewModel */ = {
			isa = PBXGroup;
			children = (
				F098928C28E5BD6D003D7C16 /* DetailVM.swift */,
			);
			path = ViewModel;
			sourceTree = "<group>";
		};
		F098928928E5BD41003D7C16 /* Model */ = {
			isa = PBXGroup;
			children = (
				F098928E28E5BD77003D7C16 /* DetailModel.swift */,
			);
			path = Model;
			sourceTree = "<group>";
		};
		F098929028E5BD7A003D7C16 /* Entity */ = {
			isa = PBXGroup;
			children = (
				F098929128E5BD84003D7C16 /* DetailEntity.swift */,
			);
			path = Entity;
			sourceTree = "<group>";
		};
		F0FB3C9D28E89FC700130912 /* Supports */ = {
			isa = PBXGroup;
			children = (
				F01AEDCD28E3166A00D4C730 /* Assets.xcassets */,
				F01AEDC428E3166900D4C730 /* AppDelegate.swift */,
				F01AEDC628E3166900D4C730 /* SceneDelegate.swift */,
			);
			path = Supports;
			sourceTree = "<group>";
		};
/* End PBXGroup section */

/* Begin PBXNativeTarget section */
		F01AEDC028E3166900D4C730 /* Travel App */ = {
			isa = PBXNativeTarget;
			buildConfigurationList = F01AEDD528E3166A00D4C730 /* Build configuration list for PBXNativeTarget "Travel App" */;
			buildPhases = (
				F01AEDBD28E3166900D4C730 /* Sources */,
				F01AEDBE28E3166900D4C730 /* Frameworks */,
				F01AEDBF28E3166900D4C730 /* Resources */,
			);
			buildRules = (
			);
			dependencies = (
			);
			name = "Travel App";
			packageProductDependencies = (
				F0FB3CA328E95DB200130912 /* Kingfisher */,
				F096D3DA28EB6AE7003CAC57 /* Alamofire */,
			);
			productName = "Travel App";
			productReference = F01AEDC128E3166900D4C730 /* Travel App.app */;
			productType = "com.apple.product-type.application";
		};
/* End PBXNativeTarget section */

/* Begin PBXProject section */
		F01AEDB928E3166900D4C730 /* Project object */ = {
			isa = PBXProject;
			attributes = {
				BuildIndependentTargetsInParallel = 1;
				LastSwiftUpdateCheck = 1400;
				LastUpgradeCheck = 1400;
				TargetAttributes = {
					F01AEDC028E3166900D4C730 = {
						CreatedOnToolsVersion = 14.0;
					};
				};
			};
			buildConfigurationList = F01AEDBC28E3166900D4C730 /* Build configuration list for PBXProject "Travel App" */;
			compatibilityVersion = "Xcode 14.0";
			developmentRegion = en;
			hasScannedForEncodings = 0;
			knownRegions = (
				en,
				Base,
			);
			mainGroup = F01AEDB828E3166900D4C730;
			packageReferences = (
				F0FB3CA228E95DB200130912 /* XCRemoteSwiftPackageReference "Kingfisher" */,
				F096D3D928EB6AE7003CAC57 /* XCRemoteSwiftPackageReference "Alamofire" */,
			);
			productRefGroup = F01AEDC228E3166900D4C730 /* Products */;
			projectDirPath = "";
			projectRoot = "";
			targets = (
				F01AEDC028E3166900D4C730 /* Travel App */,
			);
		};
/* End PBXProject section */

/* Begin PBXResourcesBuildPhase section */
		F01AEDBF28E3166900D4C730 /* Resources */ = {
			isa = PBXResourcesBuildPhase;
			buildActionMask = 2147483647;
			files = (
				F01AEDDB28E3454700D4C730 /* topPickArtickesCell.xib in Resources */,
				F01AEDD128E3166A00D4C730 /* LaunchScreen.storyboard in Resources */,
				F01AEDCE28E3166A00D4C730 /* Assets.xcassets in Resources */,
				F0FB3C9F28E8ABF000130912 /* ArticlesData.json in Resources */,
				F098927C28E5ABE0003D7C16 /* bookmarksTableViewCell.xib in Resources */,
				F01AEDCC28E3166900D4C730 /* Main.storyboard in Resources */,
				F0590F5F28E4615E003BF6D3 /* SearchTableViewCell.xib in Resources */,
				F094E7B228E5E0490082CDCC /* ListTableViewCell.xib in Resources */,
			);
			runOnlyForDeploymentPostprocessing = 0;
		};
/* End PBXResourcesBuildPhase section */

/* Begin PBXSourcesBuildPhase section */
		F01AEDBD28E3166900D4C730 /* Sources */ = {
			isa = PBXSourcesBuildPhase;
			buildActionMask = 2147483647;
			files = (
				F01AEDDA28E3454700D4C730 /* topPickArtickesCell.swift in Sources */,
				F0590F3928E435BD003BF6D3 /* SearchVC.swift in Sources */,
				F094E7B128E5E0490082CDCC /* ListTableViewCell.swift in Sources */,
				F01AEDC928E3166900D4C730 /* HomeVC.swift in Sources */,
				F098928028E5AC13003D7C16 /* BookmarksModel.swift in Sources */,
				F098926C28E5AB63003D7C16 /* homeModel.swift in Sources */,
				F098928B28E5BD59003D7C16 /* DetailVC.swift in Sources */,
				F098926A28E5AB3D003D7C16 /* homeVM.swift in Sources */,
				F098929228E5BD84003D7C16 /* DetailEntity.swift in Sources */,
				F098927428E5ABA6003D7C16 /* SearchModel.swift in Sources */,
				F01AEDC528E3166900D4C730 /* AppDelegate.swift in Sources */,
				F098927228E5AB9C003D7C16 /* SearchVM.swift in Sources */,
				F0590F3B28E435E4003BF6D3 /* BookmarksVC.swift in Sources */,
				F098929A28E5BDB3003D7C16 /* ListVC.swift in Sources */,
				F098927E28E5AC09003D7C16 /* BookmarksVM.swift in Sources */,
				F01AEDC728E3166900D4C730 /* SceneDelegate.swift in Sources */,
				F0590F5E28E4615E003BF6D3 /* SearchTableViewCell.swift in Sources */,
				F094E7B528E5E4E80082CDCC /* homeEntity.swift in Sources */,
				F098929828E5BDA8003D7C16 /* ListVM.swift in Sources */,
				F098929428E5BD96003D7C16 /* HotelEntity.swift in Sources */,
				F098928F28E5BD77003D7C16 /* DetailModel.swift in Sources */,
				F098927B28E5ABE0003D7C16 /* bookmarksTableViewCell.swift in Sources */,
				F098928D28E5BD6D003D7C16 /* DetailVM.swift in Sources */,
				F098929628E5BDA0003D7C16 /* ListModel.swift in Sources */,
				F096D3D828EB6996003CAC57 /* FlightEntity.swift in Sources */,
			);
			runOnlyForDeploymentPostprocessing = 0;
		};
/* End PBXSourcesBuildPhase section */

/* Begin PBXVariantGroup section */
		F01AEDCA28E3166900D4C730 /* Main.storyboard */ = {
			isa = PBXVariantGroup;
			children = (
				F01AEDCB28E3166900D4C730 /* Base */,
			);
			name = Main.storyboard;
			sourceTree = "<group>";
		};
		F01AEDCF28E3166A00D4C730 /* LaunchScreen.storyboard */ = {
			isa = PBXVariantGroup;
			children = (
				F01AEDD028E3166A00D4C730 /* Base */,
			);
			name = LaunchScreen.storyboard;
			sourceTree = "<group>";
		};
/* End PBXVariantGroup section */

/* Begin XCBuildConfiguration section */
		F01AEDD328E3166A00D4C730 /* Debug */ = {
			isa = XCBuildConfiguration;
			buildSettings = {
				ALWAYS_SEARCH_USER_PATHS = NO;
				CLANG_ANALYZER_NONNULL = YES;
				CLANG_ANALYZER_NUMBER_OBJECT_CONVERSION = YES_AGGRESSIVE;
				CLANG_CXX_LANGUAGE_STANDARD = "gnu++20";
				CLANG_ENABLE_MODULES = YES;
				CLANG_ENABLE_OBJC_ARC = YES;
				CLANG_ENABLE_OBJC_WEAK = YES;
				CLANG_WARN_BLOCK_CAPTURE_AUTORELEASING = YES;
				CLANG_WARN_BOOL_CONVERSION = YES;
				CLANG_WARN_COMMA = YES;
				CLANG_WARN_CONSTANT_CONVERSION = YES;
				CLANG_WARN_DEPRECATED_OBJC_IMPLEMENTATIONS = YES;
				CLANG_WARN_DIRECT_OBJC_ISA_USAGE = YES_ERROR;
				CLANG_WARN_DOCUMENTATION_COMMENTS = YES;
				CLANG_WARN_EMPTY_BODY = YES;
				CLANG_WARN_ENUM_CONVERSION = YES;
				CLANG_WARN_INFINITE_RECURSION = YES;
				CLANG_WARN_INT_CONVERSION = YES;
				CLANG_WARN_NON_LITERAL_NULL_CONVERSION = YES;
				CLANG_WARN_OBJC_IMPLICIT_RETAIN_SELF = YES;
				CLANG_WARN_OBJC_LITERAL_CONVERSION = YES;
				CLANG_WARN_OBJC_ROOT_CLASS = YES_ERROR;
				CLANG_WARN_QUOTED_INCLUDE_IN_FRAMEWORK_HEADER = YES;
				CLANG_WARN_RANGE_LOOP_ANALYSIS = YES;
				CLANG_WARN_STRICT_PROTOTYPES = YES;
				CLANG_WARN_SUSPICIOUS_MOVE = YES;
				CLANG_WARN_UNGUARDED_AVAILABILITY = YES_AGGRESSIVE;
				CLANG_WARN_UNREACHABLE_CODE = YES;
				CLANG_WARN__DUPLICATE_METHOD_MATCH = YES;
				COPY_PHASE_STRIP = NO;
				DEBUG_INFORMATION_FORMAT = dwarf;
				ENABLE_STRICT_OBJC_MSGSEND = YES;
				ENABLE_TESTABILITY = YES;
				GCC_C_LANGUAGE_STANDARD = gnu11;
				GCC_DYNAMIC_NO_PIC = NO;
				GCC_NO_COMMON_BLOCKS = YES;
				GCC_OPTIMIZATION_LEVEL = 0;
				GCC_PREPROCESSOR_DEFINITIONS = (
					"DEBUG=1",
					"$(inherited)",
				);
				GCC_WARN_64_TO_32_BIT_CONVERSION = YES;
				GCC_WARN_ABOUT_RETURN_TYPE = YES_ERROR;
				GCC_WARN_UNDECLARED_SELECTOR = YES;
				GCC_WARN_UNINITIALIZED_AUTOS = YES_AGGRESSIVE;
				GCC_WARN_UNUSED_FUNCTION = YES;
				GCC_WARN_UNUSED_VARIABLE = YES;
				IPHONEOS_DEPLOYMENT_TARGET = 16.0;
				MTL_ENABLE_DEBUG_INFO = INCLUDE_SOURCE;
				MTL_FAST_MATH = YES;
				ONLY_ACTIVE_ARCH = YES;
				SDKROOT = iphoneos;
				SWIFT_ACTIVE_COMPILATION_CONDITIONS = DEBUG;
				SWIFT_OPTIMIZATION_LEVEL = "-Onone";
			};
			name = Debug;
		};
		F01AEDD428E3166A00D4C730 /* Release */ = {
			isa = XCBuildConfiguration;
			buildSettings = {
				ALWAYS_SEARCH_USER_PATHS = NO;
				CLANG_ANALYZER_NONNULL = YES;
				CLANG_ANALYZER_NUMBER_OBJECT_CONVERSION = YES_AGGRESSIVE;
				CLANG_CXX_LANGUAGE_STANDARD = "gnu++20";
				CLANG_ENABLE_MODULES = YES;
				CLANG_ENABLE_OBJC_ARC = YES;
				CLANG_ENABLE_OBJC_WEAK = YES;
				CLANG_WARN_BLOCK_CAPTURE_AUTORELEASING = YES;
				CLANG_WARN_BOOL_CONVERSION = YES;
				CLANG_WARN_COMMA = YES;
				CLANG_WARN_CONSTANT_CONVERSION = YES;
				CLANG_WARN_DEPRECATED_OBJC_IMPLEMENTATIONS = YES;
				CLANG_WARN_DIRECT_OBJC_ISA_USAGE = YES_ERROR;
				CLANG_WARN_DOCUMENTATION_COMMENTS = YES;
				CLANG_WARN_EMPTY_BODY = YES;
				CLANG_WARN_ENUM_CONVERSION = YES;
				CLANG_WARN_INFINITE_RECURSION = YES;
				CLANG_WARN_INT_CONVERSION = YES;
				CLANG_WARN_NON_LITERAL_NULL_CONVERSION = YES;
				CLANG_WARN_OBJC_IMPLICIT_RETAIN_SELF = YES;
				CLANG_WARN_OBJC_LITERAL_CONVERSION = YES;
				CLANG_WARN_OBJC_ROOT_CLASS = YES_ERROR;
				CLANG_WARN_QUOTED_INCLUDE_IN_FRAMEWORK_HEADER = YES;
				CLANG_WARN_RANGE_LOOP_ANALYSIS = YES;
				CLANG_WARN_STRICT_PROTOTYPES = YES;
				CLANG_WARN_SUSPICIOUS_MOVE = YES;
				CLANG_WARN_UNGUARDED_AVAILABILITY = YES_AGGRESSIVE;
				CLANG_WARN_UNREACHABLE_CODE = YES;
				CLANG_WARN__DUPLICATE_METHOD_MATCH = YES;
				COPY_PHASE_STRIP = NO;
				DEBUG_INFORMATION_FORMAT = "dwarf-with-dsym";
				ENABLE_NS_ASSERTIONS = NO;
				ENABLE_STRICT_OBJC_MSGSEND = YES;
				GCC_C_LANGUAGE_STANDARD = gnu11;
				GCC_NO_COMMON_BLOCKS = YES;
				GCC_WARN_64_TO_32_BIT_CONVERSION = YES;
				GCC_WARN_ABOUT_RETURN_TYPE = YES_ERROR;
				GCC_WARN_UNDECLARED_SELECTOR = YES;
				GCC_WARN_UNINITIALIZED_AUTOS = YES_AGGRESSIVE;
				GCC_WARN_UNUSED_FUNCTION = YES;
				GCC_WARN_UNUSED_VARIABLE = YES;
				IPHONEOS_DEPLOYMENT_TARGET = 16.0;
				MTL_ENABLE_DEBUG_INFO = NO;
				MTL_FAST_MATH = YES;
				SDKROOT = iphoneos;
				SWIFT_COMPILATION_MODE = wholemodule;
				SWIFT_OPTIMIZATION_LEVEL = "-O";
				VALIDATE_PRODUCT = YES;
			};
			name = Release;
		};
		F01AEDD628E3166A00D4C730 /* Debug */ = {
			isa = XCBuildConfiguration;
			buildSettings = {
				ASSETCATALOG_COMPILER_APPICON_NAME = AppIcon;
				ASSETCATALOG_COMPILER_GLOBAL_ACCENT_COLOR_NAME = AccentColor;
				CODE_SIGN_STYLE = Automatic;
				CURRENT_PROJECT_VERSION = 1;
				DEVELOPMENT_TEAM = 9U6F2PV66P;
				GENERATE_INFOPLIST_FILE = YES;
				INFOPLIST_FILE = "Travel App/Info.plist";
				INFOPLIST_KEY_CFBundleDisplayName = Travel;
				INFOPLIST_KEY_UIApplicationSupportsIndirectInputEvents = YES;
				INFOPLIST_KEY_UILaunchStoryboardName = LaunchScreen;
				INFOPLIST_KEY_UIMainStoryboardFile = Main;
				INFOPLIST_KEY_UISupportedInterfaceOrientations = UIInterfaceOrientationPortrait;
				INFOPLIST_KEY_UISupportedInterfaceOrientations_iPad = "UIInterfaceOrientationLandscapeLeft UIInterfaceOrientationLandscapeRight UIInterfaceOrientationPortrait UIInterfaceOrientationPortraitUpsideDown";
				IPHONEOS_DEPLOYMENT_TARGET = 15.5;
				LD_RUNPATH_SEARCH_PATHS = (
					"$(inherited)",
					"@executable_path/Frameworks",
				);
				MARKETING_VERSION = 1.0;
				PRODUCT_BUNDLE_IDENTIFIER = "com.berkayyalcin.Travel-App";
				PRODUCT_NAME = "$(TARGET_NAME)";
				SWIFT_EMIT_LOC_STRINGS = YES;
				SWIFT_VERSION = 5.0;
				TARGETED_DEVICE_FAMILY = "1,2";
			};
			name = Debug;
		};
		F01AEDD728E3166A00D4C730 /* Release */ = {
			isa = XCBuildConfiguration;
			buildSettings = {
				ASSETCATALOG_COMPILER_APPICON_NAME = AppIcon;
				ASSETCATALOG_COMPILER_GLOBAL_ACCENT_COLOR_NAME = AccentColor;
				CODE_SIGN_STYLE = Automatic;
				CURRENT_PROJECT_VERSION = 1;
				DEVELOPMENT_TEAM = 9U6F2PV66P;
				GENERATE_INFOPLIST_FILE = YES;
				INFOPLIST_FILE = "Travel App/Info.plist";
				INFOPLIST_KEY_CFBundleDisplayName = Travel;
				INFOPLIST_KEY_UIApplicationSupportsIndirectInputEvents = YES;
				INFOPLIST_KEY_UILaunchStoryboardName = LaunchScreen;
				INFOPLIST_KEY_UIMainStoryboardFile = Main;
				INFOPLIST_KEY_UISupportedInterfaceOrientations = UIInterfaceOrientationPortrait;
				INFOPLIST_KEY_UISupportedInterfaceOrientations_iPad = "UIInterfaceOrientationLandscapeLeft UIInterfaceOrientationLandscapeRight UIInterfaceOrientationPortrait UIInterfaceOrientationPortraitUpsideDown";
				IPHONEOS_DEPLOYMENT_TARGET = 15.5;
				LD_RUNPATH_SEARCH_PATHS = (
					"$(inherited)",
					"@executable_path/Frameworks",
				);
				MARKETING_VERSION = 1.0;
				PRODUCT_BUNDLE_IDENTIFIER = "com.berkayyalcin.Travel-App";
				PRODUCT_NAME = "$(TARGET_NAME)";
				SWIFT_EMIT_LOC_STRINGS = YES;
				SWIFT_VERSION = 5.0;
				TARGETED_DEVICE_FAMILY = "1,2";
			};
			name = Release;
		};
/* End XCBuildConfiguration section */

/* Begin XCConfigurationList section */
		F01AEDBC28E3166900D4C730 /* Build configuration list for PBXProject "Travel App" */ = {
			isa = XCConfigurationList;
			buildConfigurations = (
				F01AEDD328E3166A00D4C730 /* Debug */,
				F01AEDD428E3166A00D4C730 /* Release */,
			);
			defaultConfigurationIsVisible = 0;
			defaultConfigurationName = Release;
		};
		F01AEDD528E3166A00D4C730 /* Build configuration list for PBXNativeTarget "Travel App" */ = {
			isa = XCConfigurationList;
			buildConfigurations = (
				F01AEDD628E3166A00D4C730 /* Debug */,
				F01AEDD728E3166A00D4C730 /* Release */,
			);
			defaultConfigurationIsVisible = 0;
			defaultConfigurationName = Release;
		};
/* End XCConfigurationList section */

/* Begin XCRemoteSwiftPackageReference section */
		F096D3D928EB6AE7003CAC57 /* XCRemoteSwiftPackageReference "Alamofire" */ = {
			isa = XCRemoteSwiftPackageReference;
			repositoryURL = "https://github.com/Alamofire/Alamofire.git";
			requirement = {
				kind = upToNextMajorVersion;
				minimumVersion = 5.0.0;
			};
		};
		F0FB3CA228E95DB200130912 /* XCRemoteSwiftPackageReference "Kingfisher" */ = {
			isa = XCRemoteSwiftPackageReference;
			repositoryURL = "https://github.com/onevcat/Kingfisher";
			requirement = {
				kind = upToNextMajorVersion;
				minimumVersion = 7.0.0;
			};
		};
/* End XCRemoteSwiftPackageReference section */

/* Begin XCSwiftPackageProductDependency section */
		F096D3DA28EB6AE7003CAC57 /* Alamofire */ = {
			isa = XCSwiftPackageProductDependency;
			package = F096D3D928EB6AE7003CAC57 /* XCRemoteSwiftPackageReference "Alamofire" */;
			productName = Alamofire;
		};
		F0FB3CA328E95DB200130912 /* Kingfisher */ = {
			isa = XCSwiftPackageProductDependency;
			package = F0FB3CA228E95DB200130912 /* XCRemoteSwiftPackageReference "Kingfisher" */;
			productName = Kingfisher;
		};
/* End XCSwiftPackageProductDependency section */
	};
	rootObject = F01AEDB928E3166900D4C730 /* Project object */;
}
